
Microsoft Visual Studio Solution File, Format Version 12.00
# Visual Studio Version 17
VisualStudioVersion = 17.8.34316.72
MinimumVisualStudioVersion = 10.0.40219.1
Project("{FAE04EC0-301F-11D3-BF4B-00C04F79EFBC}") = "Glava5 zadanie", "Glava5 zadanie\Glava5 zadanie.csproj", "{9833C24B-AF36-4C79-B3B0-9B2BA7F50D25}"
EndProject
Global
	GlobalSection(SolutionConfigurationPlatforms) = preSolution
		Debug|Any CPU = Debug|Any CPU
		Release|Any CPU = Release|Any CPU
	EndGlobalSection
	GlobalSection(ProjectConfigurationPlatforms) = postSolution
		{9833C24B-AF36-4C79-B3B0-9B2BA7F50D25}.Debug|Any CPU.ActiveCfg = Debug|Any CPU
		{9833C24B-AF36-4C79-B3B0-9B2BA7F50D25}.Debug|Any CPU.Build.0 = Debug|Any CPU
		{9833C24B-AF36-4C79-B3B0-9B2BA7F50D25}.Release|Any CPU.ActiveCfg = Release|Any CPU
		{9833C24B-AF36-4C79-B3B0-9B2BA7F50D25}.Release|Any CPU.Build.0 = Release|Any CPU
	EndGlobalSection
	GlobalSection(SolutionProperties) = preSolution
		HideSolutionNode = FALSE
	EndGlobalSection
	GlobalSection(ExtensibilityGlobals) = postSolution
		SolutionGuid = {BE25A1F6-41D8-41A1-A084-54D949D53A95}
	EndGlobalSection
EndGlobal
